
Microsoft Visual Studio Solution File, Format Version 12.00
# Visual Studio Version 16
VisualStudioVersion = 16.0.33423.256
MinimumVisualStudioVersion = 10.0.40219.1
Project("{FAE04EC0-301F-11D3-BF4B-00C04F79EFBC}") = "TicTacToeWinUI", "TicTacToeWinUI\TicTacToeWinUI.csproj", "{419C34BD-3532-44A8-8EC1-F29B95A46E6C}"
EndProject
Project("{FAE04EC0-301F-11D3-BF4B-00C04F79EFBC}") = "TicTacToeGameLogic", "TicTacToeGameLogic\TicTacToeGameLogic.csproj", "{A4D7DF56-8E5C-4085-8643-2AE8BC496EE3}"
EndProject
Project("{2150E333-8FDC-42A3-9474-1A3956D46DE8}") = "Solution Items", "Solution Items", "{3AA87F57-64EB-4D39-B46C-0C5BA01BC1A7}"
EndProject
Global
	GlobalSection(SolutionConfigurationPlatforms) = preSolution
		Debug|Any CPU = Debug|Any CPU
		Release|Any CPU = Release|Any CPU
	EndGlobalSection
	GlobalSection(ProjectConfigurationPlatforms) = postSolution
		{419C34BD-3532-44A8-8EC1-F29B95A46E6C}.Debug|Any CPU.ActiveCfg = Debug|Any CPU
		{419C34BD-3532-44A8-8EC1-F29B95A46E6C}.Debug|Any CPU.Build.0 = Debug|Any CPU
		{419C34BD-3532-44A8-8EC1-F29B95A46E6C}.Release|Any CPU.ActiveCfg = Release|Any CPU
		{419C34BD-3532-44A8-8EC1-F29B95A46E6C}.Release|Any CPU.Build.0 = Release|Any CPU
		{A4D7DF56-8E5C-4085-8643-2AE8BC496EE3}.Debug|Any CPU.ActiveCfg = Debug|Any CPU
		{A4D7DF56-8E5C-4085-8643-2AE8BC496EE3}.Debug|Any CPU.Build.0 = Debug|Any CPU
		{A4D7DF56-8E5C-4085-8643-2AE8BC496EE3}.Release|Any CPU.ActiveCfg = Release|Any CPU
		{A4D7DF56-8E5C-4085-8643-2AE8BC496EE3}.Release|Any CPU.Build.0 = Release|Any CPU
	EndGlobalSection
	GlobalSection(SolutionProperties) = preSolution
		HideSolutionNode = FALSE
	EndGlobalSection
	GlobalSection(ExtensibilityGlobals) = postSolution
		SolutionGuid = {714EC3A8-D34A-4605-BC11-8C3EF740165A}
	EndGlobalSection
EndGlobal
